{
    "_readme": [
        "This file locks the dependencies of your project to a known state",
        "Read more about it at https://getcomposer.org/doc/01-basic-usage.md#installing-dependencies",
        "This file is @generated automatically"
    ],
    "content-hash": "1cf05fdecc927dbda7eece8b10e9375e",
    "packages": [
        {
            "name": "org_heigl/hyphenator",
            "version": "v3.1.0",
            "source": {
                "type": "git",
                "url": "https://github.com/heiglandreas/Org_Heigl_Hyphenator.git",
                "reference": "a9b8d2524cbed19d507ef8bc780b8122689c02bc"
            },
            "dist": {
                "type": "zip",
                "url": "https://api.github.com/repos/heiglandreas/Org_Heigl_Hyphenator/zipball/a9b8d2524cbed19d507ef8bc780b8122689c02bc",
                "reference": "a9b8d2524cbed19d507ef8bc780b8122689c02bc",
                "shasum": ""
            },
            "require": {
                "ext-mbstring": "*",
                "php": "^7.2||^8.0"
            },
            "require-dev": {
                "mockery/mockery": "^1.2",
                "phpunit/phpunit": "^8.0||^9.0"
            },
            "type": "library",
            "autoload": {
                "psr-4": {
                    "Org\\Heigl\\Hyphenator\\": "src"
                }
            },
            "notification-url": "https://packagist.org/downloads/",
            "license": [
                "MIT"
            ],
            "authors": [
                {
                    "name": "Andreas Heigl",
                    "email": "andreas@heigl.org",
                    "homepage": "http://andreas.heigl.org",
                    "role": "Developer"
                }
            ],
            "description": "Word-Hyphenation for PHP based on the TeX-Hyphenation algorithm",
            "homepage": "http://github.com/heiglandreas/Org_Heigl_Hyphenator",
            "keywords": [
                "hyphenate",
                "hyphenation"
            ],
            "support": {
                "issues": "https://github.com/heiglandreas/Org_Heigl_Hyphenator/issues",
                "source": "https://github.com/heiglandreas/Org_Heigl_Hyphenator/tree/v3.1.0"
            },
            "time": "2024-02-12T14:32:13+00:00"
        },
        {
            "name": "vanderlee/syllable",
            "version": "1.7.0-p1",
            "source": {
                "type": "git",
                "url": "https://github.com/vanderlee/phpSyllable.git",
                "reference": "0431d5c1041d2f236da67d7cd05a72e9cc422710"
            },
            "dist": {
                "type": "zip",
                "url": "https://api.github.com/repos/vanderlee/phpSyllable/zipball/0431d5c1041d2f236da67d7cd05a72e9cc422710",
                "reference": "0431d5c1041d2f236da67d7cd05a72e9cc422710",
                "shasum": ""
            },
            "require": {
                "ext-dom": "*",
                "ext-json": "*",
                "ext-libxml": "*",
                "ext-mbstring": "*",
                "php": ">=5.6"
            },
            "require-dev": {
                "ext-curl": "*",
                "phpunit/phpunit": "^5.7 || ^6.5 || ^7.5 || ^8.5"
            },
            "type": "library",
            "autoload": {
                "psr-4": {
                    "Vanderlee\\Syllable\\": "src"
                }
            },
            "notification-url": "https://packagist.org/downloads/",
            "license": [
                "MIT"
            ],
            "description": "Text syllable splitting and hyphenation using Frank M. Liang's TeX algorithm.",
            "homepage": "https://github.com/vanderlee/phpSyllable",
            "keywords": [
                "dash",
                "hyphen",
                "hyphenate",
                "hyphenation",
                "language",
                "locale",
                "split",
                "syllable",
                "syllables",
                "text",
                "words"
            ],
            "support": {
                "issues": "https://github.com/vanderlee/phpSyllable/issues",
                "source": "https://github.com/vanderlee/phpSyllable/"
            },
            "time": "2023-05-26T08:38:23+00:00"
        }
    ],
    "packages-dev": [],
    "aliases": [],
    "minimum-stability": "stable",
    "stability-flags": [],
    "prefer-stable": false,
    "prefer-lowest": false,
    "platform": [],
    "platform-dev": [],
    "plugin-api-version": "2.6.0"
}
